// !$*UTF8*$!
{
	archiveVersion = 1;
	classes = {
	};
	objectVersion = 77;
	objects = {

/* Begin PBXContainerItemProxy section */
		6381454B2EE7E5DB00BC799B /* PBXContainerItemProxy */ = {
			isa = PBXContainerItemProxy;
			containerPortal = 6381452C2EE7E5DA00BC799B /* Project object */;
			proxyType = 1;
			remoteGlobalIDString = 638145332EE7E5DA00BC799B;
			remoteInfo = HearoApp;
		};
		638145552EE7E5DB00BC799B /* PBXContainerItemProxy */ = {
			isa = PBXContainerItemProxy;
			containerPortal = 6381452C2EE7E5DA00BC799B /* Project object */;
			proxyType = 1;
			remoteGlobalIDString = 638145332EE7E5DA00BC799B;
			remoteInfo = HearoApp;
		};
/* End PBXContainerItemProxy section */

/* Begin PBXFileReference section */
		638145342EE7E5DA00BC799B /* HearoApp.app */ = {isa = PBXFileReference; explicitFileType = wrapper.application; includeInIndex = 0; path = HearoApp.app; sourceTree = BUILT_PRODUCTS_DIR; };
		6381454A2EE7E5DB00BC799B /* HearoAppTests.xctest */ = {isa = PBXFileReference; explicitFileType = wrapper.cfbundle; includeInIndex = 0; path = HearoAppTests.xctest; sourceTree = BUILT_PRODUCTS_DIR; };
		638145542EE7E5DB00BC799B /* HearoAppUITests.xctest */ = {isa = PBXFileReference; explicitFileType = wrapper.cfbundle; includeInIndex = 0; path = HearoAppUITests.xctest; sourceTree = BUILT_PRODUCTS_DIR; };
/* End PBXFileReference section */

/* Begin PBXFileSystemSynchronizedBuildFileExceptionSet section */
		638145BE2EE8614300BC799B /* Exceptions for "HearoApp" folder in "HearoApp" target */ = {
			isa = PBXFileSystemSynchronizedBuildFileExceptionSet;
			membershipExceptions = (
				"/Localized: LaunchScreen.storyboard",
				"/Localized: Main.storyboard",
				AppDelegate.swift,
				ArtistsViewController.swift,
				ArtistViewController.swift,
				Assets.xcassets,
				HomeViewController.swift,
				LibraryViewController.swift,
				LikedSongsViewController.swift,
				Models/Playlist.swift,
				Models/Track.swift,
				PlayerViewController.swift,
				PlaylistCell.swift,
				PlaylistDetailViewController.swift,
				PlaylistsViewController.swift,
				ProfileViewController.swift,
				SceneDelegate.swift,
				SearchViewController.swift,
				Services/FollowedArtistsManager.swift,
				Services/LikedSongsManager.swift,
				Services/NetworkManager.swift,
				Services/PlaylistManager.swift,
				TrackCollectionViewCell.swift,
				TrackCollectionViewCell.xib,
				TrackTableViewCell.swift,
				TrackTableViewCell.xib,
				ViewController.swift,
			);
			target = 638145332EE7E5DA00BC799B /* HearoApp */;
		};
		638145BF2EE8614300BC799B /* Exceptions for "HearoApp" folder in "HearoAppUITests" target */ = {
			isa = PBXFileSystemSynchronizedBuildFileExceptionSet;
			membershipExceptions = (
				"/Localized: LaunchScreen.storyboard",
				"/Localized: Main.storyboard",
				AppDelegate.swift,
				ArtistsViewController.swift,
				ArtistViewController.swift,
				Assets.xcassets,
				HomeViewController.swift,
				Info.plist,
				LibraryViewController.swift,
				LikedSongsViewController.swift,
				Models/Playlist.swift,
				Models/Track.swift,
				PlayerViewController.swift,
				PlaylistCell.swift,
				PlaylistDetailViewController.swift,
				PlaylistsViewController.swift,
				ProfileViewController.swift,
				SceneDelegate.swift,
				SearchViewController.swift,
				Services/FollowedArtistsManager.swift,
				Services/LikedSongsManager.swift,
				Services/NetworkManager.swift,
				Services/PlaylistManager.swift,
				TrackCollectionViewCell.swift,
				TrackCollectionViewCell.xib,
				TrackTableViewCell.swift,
				TrackTableViewCell.xib,
				ViewController.swift,
			);
			target = 638145532EE7E5DB00BC799B /* HearoAppUITests */;
		};
/* End PBXFileSystemSynchronizedBuildFileExceptionSet section */

/* Begin PBXFileSystemSynchronizedRootGroup section */
		6381454D2EE7E5DB00BC799B /* HearoAppTests */ = {
			isa = PBXFileSystemSynchronizedRootGroup;
			path = HearoAppTests;
			sourceTree = "<group>";
		};
		638145572EE7E5DB00BC799B /* HearoAppUITests */ = {
			isa = PBXFileSystemSynchronizedRootGroup;
			path = HearoAppUITests;
			sourceTree = "<group>";
		};
		638145B62EE8614300BC799B /* HearoApp */ = {
			isa = PBXFileSystemSynchronizedRootGroup;
			exceptions = (
				638145BE2EE8614300BC799B /* Exceptions for "HearoApp" folder in "HearoApp" target */,
				638145BF2EE8614300BC799B /* Exceptions for "HearoApp" folder in "HearoAppUITests" target */,
			);
			path = HearoApp;
			sourceTree = "<group>";
		};
/* End PBXFileSystemSynchronizedRootGroup section */

/* Begin PBXFrameworksBuildPhase section */
		638145312EE7E5DA00BC799B /* Frameworks */ = {
			isa = PBXFrameworksBuildPhase;
			buildActionMask = 2147483647;
			files = (
			);
			runOnlyForDeploymentPostprocessing = 0;
		};
		638145472EE7E5DB00BC799B /* Frameworks */ = {
			isa = PBXFrameworksBuildPhase;
			buildActionMask = 2147483647;
			files = (
			);
			runOnlyForDeploymentPostprocessing = 0;
		};
		638145512EE7E5DB00BC799B /* Frameworks */ = {
			isa = PBXFrameworksBuildPhase;
			buildActionMask = 2147483647;
			files = (
			);
			runOnlyForDeploymentPostprocessing = 0;
		};
/* End PBXFrameworksBuildPhase section */

/* Begin PBXGroup section */
		6381452B2EE7E5DA00BC799B = {
			isa = PBXGroup;
			children = (
				638145B62EE8614300BC799B /* HearoApp */,
				6381454D2EE7E5DB00BC799B /* HearoAppTests */,
				638145572EE7E5DB00BC799B /* HearoAppUITests */,
				638145352EE7E5DA00BC799B /* Products */,
			);
			sourceTree = "<group>";
		};
		638145352EE7E5DA00BC799B /* Products */ = {
			isa = PBXGroup;
			children = (
				638145342EE7E5DA00BC799B /* HearoApp.app */,
				6381454A2EE7E5DB00BC799B /* HearoAppTests.xctest */,
				638145542EE7E5DB00BC799B /* HearoAppUITests.xctest */,
			);
			name = Products;
			sourceTree = "<group>";
		};
/* End PBXGroup section */

/* Begin PBXNativeTarget section */
		638145332EE7E5DA00BC799B /* HearoApp */ = {
			isa = PBXNativeTarget;
			buildConfigurationList = 6381455D2EE7E5DB00BC799B /* Build configuration list for PBXNativeTarget "HearoApp" */;
			buildPhases = (
				638145302EE7E5DA00BC799B /* Sources */,
				638145312EE7E5DA00BC799B /* Frameworks */,
				638145322EE7E5DA00BC799B /* Resources */,
			);
			buildRules = (
			);
			dependencies = (
			);
			name = HearoApp;
			packageProductDependencies = (
			);
			productName = HearoApp;
			productReference = 638145342EE7E5DA00BC799B /* HearoApp.app */;
			productType = "com.apple.product-type.application";
		};
		638145492EE7E5DB00BC799B /* HearoAppTests */ = {
			isa = PBXNativeTarget;
			buildConfigurationList = 638145622EE7E5DB00BC799B /* Build configuration list for PBXNativeTarget "HearoAppTests" */;
			buildPhases = (
				638145462EE7E5DB00BC799B /* Sources */,
				638145472EE7E5DB00BC799B /* Frameworks */,
				638145482EE7E5DB00BC799B /* Resources */,
			);
			buildRules = (
			);
			dependencies = (
				6381454C2EE7E5DB00BC799B /* PBXTargetDependency */,
			);
			fileSystemSynchronizedGroups = (
				6381454D2EE7E5DB00BC799B /* HearoAppTests */,
			);
			name = HearoAppTests;
			packageProductDependencies = (
			);
			productName = HearoAppTests;
			productReference = 6381454A2EE7E5DB00BC799B /* HearoAppTests.xctest */;
			productType = "com.apple.product-type.bundle.unit-test";
		};
		638145532EE7E5DB00BC799B /* HearoAppUITests */ = {
			isa = PBXNativeTarget;
			buildConfigurationList = 638145652EE7E5DB00BC799B /* Build configuration list for PBXNativeTarget "HearoAppUITests" */;
			buildPhases = (
				638145502EE7E5DB00BC799B /* Sources */,
				638145512EE7E5DB00BC799B /* Frameworks */,
				638145522EE7E5DB00BC799B /* Resources */,
			);
			buildRules = (
			);
			dependencies = (
				638145562EE7E5DB00BC799B /* PBXTargetDependency */,
			);
			fileSystemSynchronizedGroups = (
				638145572EE7E5DB00BC799B /* HearoAppUITests */,
				638145B62EE8614300BC799B /* HearoApp */,
			);
			name = HearoAppUITests;
			packageProductDependencies = (
			);
			productName = HearoAppUITests;
			productReference = 638145542EE7E5DB00BC799B /* HearoAppUITests.xctest */;
			productType = "com.apple.product-type.bundle.ui-testing";
		};
/* End PBXNativeTarget section */

/* Begin PBXProject section */
		6381452C2EE7E5DA00BC799B /* Project object */ = {
			isa = PBXProject;
			attributes = {
				BuildIndependentTargetsInParallel = 1;
				LastSwiftUpdateCheck = 1640;
				LastUpgradeCheck = 1640;
				TargetAttributes = {
					638145332EE7E5DA00BC799B = {
						CreatedOnToolsVersion = 16.4;
					};
					638145492EE7E5DB00BC799B = {
						CreatedOnToolsVersion = 16.4;
						TestTargetID = 638145332EE7E5DA00BC799B;
					};
					638145532EE7E5DB00BC799B = {
						CreatedOnToolsVersion = 16.4;
						TestTargetID = 638145332EE7E5DA00BC799B;
					};
				};
			};
			buildConfigurationList = 6381452F2EE7E5DA00BC799B /* Build configuration list for PBXProject "HearoApp" */;
			developmentRegion = en;
			hasScannedForEncodings = 0;
			knownRegions = (
				en,
				Base,
			);
			mainGroup = 6381452B2EE7E5DA00BC799B;
			minimizedProjectReferenceProxies = 1;
			preferredProjectObjectVersion = 77;
			productRefGroup = 638145352EE7E5DA00BC799B /* Products */;
			projectDirPath = "";
			projectRoot = "";
			targets = (
				638145332EE7E5DA00BC799B /* HearoApp */,
				638145492EE7E5DB00BC799B /* HearoAppTests */,
				638145532EE7E5DB00BC799B /* HearoAppUITests */,
			);
		};
/* End PBXProject section */

/* Begin PBXResourcesBuildPhase section */
		638145322EE7E5DA00BC799B /* Resources */ = {
			isa = PBXResourcesBuildPhase;
			buildActionMask = 2147483647;
			files = (
			);
			runOnlyForDeploymentPostprocessing = 0;
		};
		638145482EE7E5DB00BC799B /* Resources */ = {
			isa = PBXResourcesBuildPhase;
			buildActionMask = 2147483647;
			files = (
			);
			runOnlyForDeploymentPostprocessing = 0;
		};
		638145522EE7E5DB00BC799B /* Resources */ = {
			isa = PBXResourcesBuildPhase;
			buildActionMask = 2147483647;
			files = (
			);
			runOnlyForDeploymentPostprocessing = 0;
		};
/* End PBXResourcesBuildPhase section */

/* Begin PBXSourcesBuildPhase section */
		638145302EE7E5DA00BC799B /* Sources */ = {
			isa = PBXSourcesBuildPhase;
			buildActionMask = 2147483647;
			files = (
			);
			runOnlyForDeploymentPostprocessing = 0;
		};
		638145462EE7E5DB00BC799B /* Sources */ = {
			isa = PBXSourcesBuildPhase;
			buildActionMask = 2147483647;
			files = (
			);
			runOnlyForDeploymentPostprocessing = 0;
		};
		638145502EE7E5DB00BC799B /* Sources */ = {
			isa = PBXSourcesBuildPhase;
			buildActionMask = 2147483647;
			files = (
			);
			runOnlyForDeploymentPostprocessing = 0;
		};
/* End PBXSourcesBuildPhase section */

/* Begin PBXTargetDependency section */
		6381454C2EE7E5DB00BC799B /* PBXTargetDependency */ = {
			isa = PBXTargetDependency;
			target = 638145332EE7E5DA00BC799B /* HearoApp */;
			targetProxy = 6381454B2EE7E5DB00BC799B /* PBXContainerItemProxy */;
		};
		638145562EE7E5DB00BC799B /* PBXTargetDependency */ = {
			isa = PBXTargetDependency;
			target = 638145332EE7E5DA00BC799B /* HearoApp */;
			targetProxy = 638145552EE7E5DB00BC799B /* PBXContainerItemProxy */;
		};
/* End PBXTargetDependency section */

/* Begin XCBuildConfiguration section */
		6381455E2EE7E5DB00BC799B /* Debug */ = {
			isa = XCBuildConfiguration;
			buildSettings = {
				ASSETCATALOG_COMPILER_APPICON_NAME = AppIcon;
				ASSETCATALOG_COMPILER_GLOBAL_ACCENT_COLOR_NAME = AccentColor;
				CODE_SIGN_STYLE = Automatic;
				CURRENT_PROJECT_VERSION = 1;
				DEVELOPMENT_TEAM = G4U9SGQ62P;
				GENERATE_INFOPLIST_FILE = YES;
				INFOPLIST_FILE = HearoApp/Info.plist;
				INFOPLIST_KEY_UIApplicationSupportsIndirectInputEvents = YES;
				INFOPLIST_KEY_UILaunchStoryboardName = LaunchScreen;
				INFOPLIST_KEY_UIMainStoryboardFile = Main;
				INFOPLIST_KEY_UISupportedInterfaceOrientations_iPad = "UIInterfaceOrientationPortrait UIInterfaceOrientationPortraitUpsideDown UIInterfaceOrientationLandscapeLeft UIInterfaceOrientationLandscapeRight";
				INFOPLIST_KEY_UISupportedInterfaceOrientations_iPhone = "UIInterfaceOrientationPortrait UIInterfaceOrientationLandscapeLeft UIInterfaceOrientationLandscapeRight";
				LD_RUNPATH_SEARCH_PATHS = (
					"$(inherited)",
					"@executable_path/Frameworks",
				);
				MARKETING_VERSION = 1.0;
				PRODUCT_BUNDLE_IDENTIFIER = com.zhasmin.HearoApp;
				PRODUCT_NAME = "$(TARGET_NAME)";
				SWIFT_EMIT_LOC_STRINGS = YES;
				SWIFT_VERSION = 5.0;
				TARGETED_DEVICE_FAMILY = "1,2";
			};
			name = Debug;
		};
		6381455F2EE7E5DB00BC799B /* Release */ = {
			isa = XCBuildConfiguration;
			buildSettings = {
				ASSETCATALOG_COMPILER_APPICON_NAME = AppIcon;
				ASSETCATALOG_COMPILER_GLOBAL_ACCENT_COLOR_NAME = AccentColor;
				CODE_SIGN_STYLE = Automatic;
				CURRENT_PROJECT_VERSION = 1;
				DEVELOPMENT_TEAM = G4U9SGQ62P;
				GENERATE_INFOPLIST_FILE = YES;
				INFOPLIST_FILE = HearoApp/Info.plist;
				INFOPLIST_KEY_UIApplicationSupportsIndirectInputEvents = YES;
				INFOPLIST_KEY_UILaunchStoryboardName = LaunchScreen;
				INFOPLIST_KEY_UIMainStoryboardFile = Main;
				INFOPLIST_KEY_UISupportedInterfaceOrientations_iPad = "UIInterfaceOrientationPortrait UIInterfaceOrientationPortraitUpsideDown UIInterfaceOrientationLandscapeLeft UIInterfaceOrientationLandscapeRight";
				INFOPLIST_KEY_UISupportedInterfaceOrientations_iPhone = "UIInterfaceOrientationPortrait UIInterfaceOrientationLandscapeLeft UIInterfaceOrientationLandscapeRight";
				LD_RUNPATH_SEARCH_PATHS = (
					"$(inherited)",
					"@executable_path/Frameworks",
				);
				MARKETING_VERSION = 1.0;
				PRODUCT_BUNDLE_IDENTIFIER = com.zhasmin.HearoApp;
				PRODUCT_NAME = "$(TARGET_NAME)";
				SWIFT_EMIT_LOC_STRINGS = YES;
				SWIFT_VERSION = 5.0;
				TARGETED_DEVICE_FAMILY = "1,2";
			};
			name = Release;
		};
		638145602EE7E5DB00BC799B /* Debug */ = {
			isa = XCBuildConfiguration;
			buildSettings = {
				ALWAYS_SEARCH_USER_PATHS = NO;
				ASSETCATALOG_COMPILER_GENERATE_SWIFT_ASSET_SYMBOL_EXTENSIONS = YES;
				CLANG_ANALYZER_NONNULL = YES;
				CLANG_ANALYZER_NUMBER_OBJECT_CONVERSION = YES_AGGRESSIVE;
				CLANG_CXX_LANGUAGE_STANDARD = "gnu++20";
				CLANG_ENABLE_MODULES = YES;
				CLANG_ENABLE_OBJC_ARC = YES;
				CLANG_ENABLE_OBJC_WEAK = YES;
				CLANG_WARN_BLOCK_CAPTURE_AUTORELEASING = YES;
				CLANG_WARN_BOOL_CONVERSION = YES;
				CLANG_WARN_COMMA = YES;
				CLANG_WARN_CONSTANT_CONVERSION = YES;
				CLANG_WARN_DEPRECATED_OBJC_IMPLEMENTATIONS = YES;
				CLANG_WARN_DIRECT_OBJC_ISA_USAGE = YES_ERROR;
				CLANG_WARN_DOCUMENTATION_COMMENTS = YES;
				CLANG_WARN_EMPTY_BODY = YES;
				CLANG_WARN_ENUM_CONVERSION = YES;
				CLANG_WARN_INFINITE_RECURSION = YES;
				CLANG_WARN_INT_CONVERSION = YES;
				CLANG_WARN_NON_LITERAL_NULL_CONVERSION = YES;
				CLANG_WARN_OBJC_IMPLICIT_RETAIN_SELF = YES;
				CLANG_WARN_OBJC_LITERAL_CONVERSION = YES;
				CLANG_WARN_OBJC_ROOT_CLASS = YES_ERROR;
				CLANG_WARN_QUOTED_INCLUDE_IN_FRAMEWORK_HEADER = YES;
				CLANG_WARN_RANGE_LOOP_ANALYSIS = YES;
				CLANG_WARN_STRICT_PROTOTYPES = YES;
				CLANG_WARN_SUSPICIOUS_MOVE = YES;
				CLANG_WARN_UNGUARDED_AVAILABILITY = YES_AGGRESSIVE;
				CLANG_WARN_UNREACHABLE_CODE = YES;
				CLANG_WARN__DUPLICATE_METHOD_MATCH = YES;
				COPY_PHASE_STRIP = NO;
				DEBUG_INFORMATION_FORMAT = dwarf;
				ENABLE_STRICT_OBJC_MSGSEND = YES;
				ENABLE_TESTABILITY = YES;
				ENABLE_USER_SCRIPT_SANDBOXING = YES;
				GCC_C_LANGUAGE_STANDARD = gnu17;
				GCC_DYNAMIC_NO_PIC = NO;
				GCC_NO_COMMON_BLOCKS = YES;
				GCC_OPTIMIZATION_LEVEL = 0;
				GCC_PREPROCESSOR_DEFINITIONS = (
					"DEBUG=1",
					"$(inherited)",
				);
				GCC_WARN_64_TO_32_BIT_CONVERSION = YES;
				GCC_WARN_ABOUT_RETURN_TYPE = YES_ERROR;
				GCC_WARN_UNDECLARED_SELECTOR = YES;
				GCC_WARN_UNINITIALIZED_AUTOS = YES_AGGRESSIVE;
				GCC_WARN_UNUSED_FUNCTION = YES;
				GCC_WARN_UNUSED_VARIABLE = YES;
				IPHONEOS_DEPLOYMENT_TARGET = 18.5;
				LOCALIZATION_PREFERS_STRING_CATALOGS = YES;
				MTL_ENABLE_DEBUG_INFO = INCLUDE_SOURCE;
				MTL_FAST_MATH = YES;
				ONLY_ACTIVE_ARCH = YES;
				SDKROOT = iphoneos;
				SWIFT_ACTIVE_COMPILATION_CONDITIONS = "DEBUG $(inherited)";
				SWIFT_OPTIMIZATION_LEVEL = "-Onone";
			};
			name = Debug;
		};
		638145612EE7E5DB00BC799B /* Release */ = {
			isa = XCBuildConfiguration;
			buildSettings = {
				ALWAYS_SEARCH_USER_PATHS = NO;
				ASSETCATALOG_COMPILER_GENERATE_SWIFT_ASSET_SYMBOL_EXTENSIONS = YES;
				CLANG_ANALYZER_NONNULL = YES;
				CLANG_ANALYZER_NUMBER_OBJECT_CONVERSION = YES_AGGRESSIVE;
				CLANG_CXX_LANGUAGE_STANDARD = "gnu++20";
				CLANG_ENABLE_MODULES = YES;
				CLANG_ENABLE_OBJC_ARC = YES;
				CLANG_ENABLE_OBJC_WEAK = YES;
				CLANG_WARN_BLOCK_CAPTURE_AUTORELEASING = YES;
				CLANG_WARN_BOOL_CONVERSION = YES;
				CLANG_WARN_COMMA = YES;
				CLANG_WARN_CONSTANT_CONVERSION = YES;
				CLANG_WARN_DEPRECATED_OBJC_IMPLEMENTATIONS = YES;
				CLANG_WARN_DIRECT_OBJC_ISA_USAGE = YES_ERROR;
				CLANG_WARN_DOCUMENTATION_COMMENTS = YES;
				CLANG_WARN_EMPTY_BODY = YES;
				CLANG_WARN_ENUM_CONVERSION = YES;
				CLANG_WARN_INFINITE_RECURSION = YES;
				CLANG_WARN_INT_CONVERSION = YES;
				CLANG_WARN_NON_LITERAL_NULL_CONVERSION = YES;
				CLANG_WARN_OBJC_IMPLICIT_RETAIN_SELF = YES;
				CLANG_WARN_OBJC_LITERAL_CONVERSION = YES;
				CLANG_WARN_OBJC_ROOT_CLASS = YES_ERROR;
				CLANG_WARN_QUOTED_INCLUDE_IN_FRAMEWORK_HEADER = YES;
				CLANG_WARN_RANGE_LOOP_ANALYSIS = YES;
				CLANG_WARN_STRICT_PROTOTYPES = YES;
				CLANG_WARN_SUSPICIOUS_MOVE = YES;
				CLANG_WARN_UNGUARDED_AVAILABILITY = YES_AGGRESSIVE;
				CLANG_WARN_UNREACHABLE_CODE = YES;
				CLANG_WARN__DUPLICATE_METHOD_MATCH = YES;
				COPY_PHASE_STRIP = NO;
				DEBUG_INFORMATION_FORMAT = "dwarf-with-dsym";
				ENABLE_NS_ASSERTIONS = NO;
				ENABLE_STRICT_OBJC_MSGSEND = YES;
				ENABLE_USER_SCRIPT_SANDBOXING = YES;
				GCC_C_LANGUAGE_STANDARD = gnu17;
				GCC_NO_COMMON_BLOCKS = YES;
				GCC_WARN_64_TO_32_BIT_CONVERSION = YES;
				GCC_WARN_ABOUT_RETURN_TYPE = YES_ERROR;
				GCC_WARN_UNDECLARED_SELECTOR = YES;
				GCC_WARN_UNINITIALIZED_AUTOS = YES_AGGRESSIVE;
				GCC_WARN_UNUSED_FUNCTION = YES;
				GCC_WARN_UNUSED_VARIABLE = YES;
				IPHONEOS_DEPLOYMENT_TARGET = 18.5;
				LOCALIZATION_PREFERS_STRING_CATALOGS = YES;
				MTL_ENABLE_DEBUG_INFO = NO;
				MTL_FAST_MATH = YES;
				SDKROOT = iphoneos;
				SWIFT_COMPILATION_MODE = wholemodule;
				VALIDATE_PRODUCT = YES;
			};
			name = Release;
		};
		638145632EE7E5DB00BC799B /* Debug */ = {
			isa = XCBuildConfiguration;
			buildSettings = {
				BUNDLE_LOADER = "$(TEST_HOST)";
				CODE_SIGN_STYLE = Automatic;
				CURRENT_PROJECT_VERSION = 1;
				GENERATE_INFOPLIST_FILE = YES;
				IPHONEOS_DEPLOYMENT_TARGET = 18.5;
				MARKETING_VERSION = 1.0;
				PRODUCT_BUNDLE_IDENTIFIER = com.zhasmin.HearoAppTests;
				PRODUCT_NAME = "$(TARGET_NAME)";
				SWIFT_EMIT_LOC_STRINGS = NO;
				SWIFT_VERSION = 5.0;
				TARGETED_DEVICE_FAMILY = "1,2";
				TEST_HOST = "$(BUILT_PRODUCTS_DIR)/HearoApp.app/$(BUNDLE_EXECUTABLE_FOLDER_PATH)/HearoApp";
			};
			name = Debug;
		};
		638145642EE7E5DB00BC799B /* Release */ = {
			isa = XCBuildConfiguration;
			buildSettings = {
				BUNDLE_LOADER = "$(TEST_HOST)";
				CODE_SIGN_STYLE = Automatic;
				CURRENT_PROJECT_VERSION = 1;
				GENERATE_INFOPLIST_FILE = YES;
				IPHONEOS_DEPLOYMENT_TARGET = 18.5;
				MARKETING_VERSION = 1.0;
				PRODUCT_BUNDLE_IDENTIFIER = com.zhasmin.HearoAppTests;
				PRODUCT_NAME = "$(TARGET_NAME)";
				SWIFT_EMIT_LOC_STRINGS = NO;
				SWIFT_VERSION = 5.0;
				TARGETED_DEVICE_FAMILY = "1,2";
				TEST_HOST = "$(BUILT_PRODUCTS_DIR)/HearoApp.app/$(BUNDLE_EXECUTABLE_FOLDER_PATH)/HearoApp";
			};
			name = Release;
		};
		638145662EE7E5DB00BC799B /* Debug */ = {
			isa = XCBuildConfiguration;
			buildSettings = {
				CODE_SIGN_STYLE = Automatic;
				CURRENT_PROJECT_VERSION = 1;
				GENERATE_INFOPLIST_FILE = YES;
				MARKETING_VERSION = 1.0;
				PRODUCT_BUNDLE_IDENTIFIER = com.zhasmin.HearoAppUITests;
				PRODUCT_NAME = "$(TARGET_NAME)";
				SWIFT_EMIT_LOC_STRINGS = NO;
				SWIFT_VERSION = 5.0;
				TARGETED_DEVICE_FAMILY = "1,2";
				TEST_TARGET_NAME = HearoApp;
			};
			name = Debug;
		};
		638145672EE7E5DB00BC799B /* Release */ = {
			isa = XCBuildConfiguration;
			buildSettings = {
				CODE_SIGN_STYLE = Automatic;
				CURRENT_PROJECT_VERSION = 1;
				GENERATE_INFOPLIST_FILE = YES;
				MARKETING_VERSION = 1.0;
				PRODUCT_BUNDLE_IDENTIFIER = com.zhasmin.HearoAppUITests;
				PRODUCT_NAME = "$(TARGET_NAME)";
				SWIFT_EMIT_LOC_STRINGS = NO;
				SWIFT_VERSION = 5.0;
				TARGETED_DEVICE_FAMILY = "1,2";
				TEST_TARGET_NAME = HearoApp;
			};
			name = Release;
		};
/* End XCBuildConfiguration section */

/* Begin XCConfigurationList section */
		6381452F2EE7E5DA00BC799B /* Build configuration list for PBXProject "HearoApp" */ = {
			isa = XCConfigurationList;
			buildConfigurations = (
				638145602EE7E5DB00BC799B /* Debug */,
				638145612EE7E5DB00BC799B /* Release */,
			);
			defaultConfigurationIsVisible = 0;
			defaultConfigurationName = Release;
		};
		6381455D2EE7E5DB00BC799B /* Build configuration list for PBXNativeTarget "HearoApp" */ = {
			isa = XCConfigurationList;
			buildConfigurations = (
				6381455E2EE7E5DB00BC799B /* Debug */,
				6381455F2EE7E5DB00BC799B /* Release */,
			);
			defaultConfigurationIsVisible = 0;
			defaultConfigurationName = Release;
		};
		638145622EE7E5DB00BC799B /* Build configuration list for PBXNativeTarget "HearoAppTests" */ = {
			isa = XCConfigurationList;
			buildConfigurations = (
				638145632EE7E5DB00BC799B /* Debug */,
				638145642EE7E5DB00BC799B /* Release */,
			);
			defaultConfigurationIsVisible = 0;
			defaultConfigurationName = Release;
		};
		638145652EE7E5DB00BC799B /* Build configuration list for PBXNativeTarget "HearoAppUITests" */ = {
			isa = XCConfigurationList;
			buildConfigurations = (
				638145662EE7E5DB00BC799B /* Debug */,
				638145672EE7E5DB00BC799B /* Release */,
			);
			defaultConfigurationIsVisible = 0;
			defaultConfigurationName = Release;
		};
/* End XCConfigurationList section */
	};
	rootObject = 6381452C2EE7E5DA00BC799B /* Project object */;
}
